
Microsoft Visual Studio Solution File, Format Version 12.00
# Visual Studio Version 16
VisualStudioVersion = 16.0.31624.102
MinimumVisualStudioVersion = 10.0.40219.1
Project("{FAE04EC0-301F-11D3-BF4B-00C04F79EFBC}") = "ZadanieX", "ZadanieX.csproj", "{10CFB855-88D8-4BF2-8E84-E3C20A9858A0}"
EndProject
Global
	GlobalSection(SolutionConfigurationPlatforms) = preSolution
		Debug|Any CPU = Debug|Any CPU
		Release|Any CPU = Release|Any CPU
	EndGlobalSection
	GlobalSection(ProjectConfigurationPlatforms) = postSolution
		{10CFB855-88D8-4BF2-8E84-E3C20A9858A0}.Debug|Any CPU.ActiveCfg = Debug|Any CPU
		{10CFB855-88D8-4BF2-8E84-E3C20A9858A0}.Debug|Any CPU.Build.0 = Debug|Any CPU
		{10CFB855-88D8-4BF2-8E84-E3C20A9858A0}.Release|Any CPU.ActiveCfg = Release|Any CPU
		{10CFB855-88D8-4BF2-8E84-E3C20A9858A0}.Release|Any CPU.Build.0 = Release|Any CPU
	EndGlobalSection
	GlobalSection(SolutionProperties) = preSolution
		HideSolutionNode = FALSE
	EndGlobalSection
	GlobalSection(ExtensibilityGlobals) = postSolution
		SolutionGuid = {699960B2-D2B9-40E5-A1BC-EEA1289E31C2}
	EndGlobalSection
EndGlobal
